
Microsoft Visual Studio Solution File, Format Version 12.00
# Visual Studio 15
VisualStudioVersion = 15.0.26124.0
MinimumVisualStudioVersion = 15.0.26124.0
Project("{2150E333-8FDC-42A3-9474-1A3956D46DE8}") = "src", "src", "{09F07E12-5964-45C3-BFA4-945258B10E8D}"
EndProject
Project("{F2A71F9B-5D33-465A-A702-920D77279786}") = "HeavenPipe.Schemas", "src\HeavenPipe.Schemas\HeavenPipe.Schemas.fsproj", "{CC374390-61A5-4031-9639-677AF55BC405}"
EndProject
Project("{2150E333-8FDC-42A3-9474-1A3956D46DE8}") = "tests", "tests", "{E4416BDD-913F-4F18-B509-0757984A2DE8}"
EndProject
Project("{F2A71F9B-5D33-465A-A702-920D77279786}") = "Heaven.Tests", "tests\Heaven.Tests\Heaven.Tests.fsproj", "{CFB97C4A-28A5-4E5B-8B38-8729E3A32D60}"
EndProject
Project("{F2A71F9B-5D33-465A-A702-920D77279786}") = "HeavenPipe", "src\HeavenPipe\HeavenPipe.fsproj", "{17673135-F4B8-4B09-ADDE-19B458F1BD69}"
EndProject
Global
	GlobalSection(SolutionConfigurationPlatforms) = preSolution
		Debug|Any CPU = Debug|Any CPU
		Debug|x64 = Debug|x64
		Debug|x86 = Debug|x86
		Release|Any CPU = Release|Any CPU
		Release|x64 = Release|x64
		Release|x86 = Release|x86
	EndGlobalSection
	GlobalSection(SolutionProperties) = preSolution
		HideSolutionNode = FALSE
	EndGlobalSection
	GlobalSection(ProjectConfigurationPlatforms) = postSolution
		{CC374390-61A5-4031-9639-677AF55BC405}.Debug|Any CPU.ActiveCfg = Debug|Any CPU
		{CC374390-61A5-4031-9639-677AF55BC405}.Debug|Any CPU.Build.0 = Debug|Any CPU
		{CC374390-61A5-4031-9639-677AF55BC405}.Debug|x64.ActiveCfg = Debug|x64
		{CC374390-61A5-4031-9639-677AF55BC405}.Debug|x64.Build.0 = Debug|x64
		{CC374390-61A5-4031-9639-677AF55BC405}.Debug|x86.ActiveCfg = Debug|x86
		{CC374390-61A5-4031-9639-677AF55BC405}.Debug|x86.Build.0 = Debug|x86
		{CC374390-61A5-4031-9639-677AF55BC405}.Release|Any CPU.ActiveCfg = Release|Any CPU
		{CC374390-61A5-4031-9639-677AF55BC405}.Release|Any CPU.Build.0 = Release|Any CPU
		{CC374390-61A5-4031-9639-677AF55BC405}.Release|x64.ActiveCfg = Release|x64
		{CC374390-61A5-4031-9639-677AF55BC405}.Release|x64.Build.0 = Release|x64
		{CC374390-61A5-4031-9639-677AF55BC405}.Release|x86.ActiveCfg = Release|x86
		{CC374390-61A5-4031-9639-677AF55BC405}.Release|x86.Build.0 = Release|x86
		{CFB97C4A-28A5-4E5B-8B38-8729E3A32D60}.Debug|Any CPU.ActiveCfg = Debug|Any CPU
		{CFB97C4A-28A5-4E5B-8B38-8729E3A32D60}.Debug|Any CPU.Build.0 = Debug|Any CPU
		{CFB97C4A-28A5-4E5B-8B38-8729E3A32D60}.Debug|x64.ActiveCfg = Debug|x64
		{CFB97C4A-28A5-4E5B-8B38-8729E3A32D60}.Debug|x64.Build.0 = Debug|x64
		{CFB97C4A-28A5-4E5B-8B38-8729E3A32D60}.Debug|x86.ActiveCfg = Debug|x86
		{CFB97C4A-28A5-4E5B-8B38-8729E3A32D60}.Debug|x86.Build.0 = Debug|x86
		{CFB97C4A-28A5-4E5B-8B38-8729E3A32D60}.Release|Any CPU.ActiveCfg = Release|Any CPU
		{CFB97C4A-28A5-4E5B-8B38-8729E3A32D60}.Release|Any CPU.Build.0 = Release|Any CPU
		{CFB97C4A-28A5-4E5B-8B38-8729E3A32D60}.Release|x64.ActiveCfg = Release|x64
		{CFB97C4A-28A5-4E5B-8B38-8729E3A32D60}.Release|x64.Build.0 = Release|x64
		{CFB97C4A-28A5-4E5B-8B38-8729E3A32D60}.Release|x86.ActiveCfg = Release|x86
		{CFB97C4A-28A5-4E5B-8B38-8729E3A32D60}.Release|x86.Build.0 = Release|x86
		{17673135-F4B8-4B09-ADDE-19B458F1BD69}.Debug|Any CPU.ActiveCfg = Debug|Any CPU
		{17673135-F4B8-4B09-ADDE-19B458F1BD69}.Debug|Any CPU.Build.0 = Debug|Any CPU
		{17673135-F4B8-4B09-ADDE-19B458F1BD69}.Debug|x64.ActiveCfg = Debug|x64
		{17673135-F4B8-4B09-ADDE-19B458F1BD69}.Debug|x64.Build.0 = Debug|x64
		{17673135-F4B8-4B09-ADDE-19B458F1BD69}.Debug|x86.ActiveCfg = Debug|x86
		{17673135-F4B8-4B09-ADDE-19B458F1BD69}.Debug|x86.Build.0 = Debug|x86
		{17673135-F4B8-4B09-ADDE-19B458F1BD69}.Release|Any CPU.ActiveCfg = Release|Any CPU
		{17673135-F4B8-4B09-ADDE-19B458F1BD69}.Release|Any CPU.Build.0 = Release|Any CPU
		{17673135-F4B8-4B09-ADDE-19B458F1BD69}.Release|x64.ActiveCfg = Release|x64
		{17673135-F4B8-4B09-ADDE-19B458F1BD69}.Release|x64.Build.0 = Release|x64
		{17673135-F4B8-4B09-ADDE-19B458F1BD69}.Release|x86.ActiveCfg = Release|x86
		{17673135-F4B8-4B09-ADDE-19B458F1BD69}.Release|x86.Build.0 = Release|x86
	EndGlobalSection
	GlobalSection(NestedProjects) = preSolution
		{CC374390-61A5-4031-9639-677AF55BC405} = {09F07E12-5964-45C3-BFA4-945258B10E8D}
		{CFB97C4A-28A5-4E5B-8B38-8729E3A32D60} = {E4416BDD-913F-4F18-B509-0757984A2DE8}
		{17673135-F4B8-4B09-ADDE-19B458F1BD69} = {09F07E12-5964-45C3-BFA4-945258B10E8D}
	EndGlobalSection
EndGlobal
