
Microsoft Visual Studio Solution File, Format Version 12.00
# Visual Studio 15
VisualStudioVersion = 15.0.27130.2010
MinimumVisualStudioVersion = 15.0.26124.0
Project("{2150E333-8FDC-42A3-9474-1A3956D46DE8}") = "src", "src", "{09F07E12-5964-45C3-BFA4-945258B10E8D}"
EndProject
Project("{2150E333-8FDC-42A3-9474-1A3956D46DE8}") = "tests", "tests", "{E4416BDD-913F-4F18-B509-0757984A2DE8}"
EndProject
Project("{9A19103F-16F7-4668-BE54-9A1E7A4F7556}") = "MicroPipes", "cssrc\MicroPipes\MicroPipes.csproj", "{18149F9C-50E6-41DD-9EF8-2D82C54CC50F}"
EndProject
Project("{9A19103F-16F7-4668-BE54-9A1E7A4F7556}") = "MicroPipes.Markup", "cssrc\MicroPipes.Markup\MicroPipes.Markup.csproj", "{3CACA17A-3715-4A55-9F1E-319F17B0BAFB}"
EndProject
Project("{9A19103F-16F7-4668-BE54-9A1E7A4F7556}") = "SyntaxTests", "tests\SyntaxTests\SyntaxTests.csproj", "{6BA8BE73-E2CA-4993-9099-4458E1AF69F4}"
EndProject
Project("{6EC3EE1D-3C4E-46DD-8F32-0CC8E7565705}") = "MicroPipes.Tests", "tests\MicroPipes.Tests\MicroPipes.Tests.fsproj", "{187D8AC2-07D1-45CA-9B03-994B87425504}"
EndProject
Project("{6EC3EE1D-3C4E-46DD-8F32-0CC8E7565705}") = "MicroPipes", "src\MicroPipes\MicroPipes.fsproj", "{83EEE1C6-635D-41E8-AC59-91A27AC7AF78}"
EndProject
Project("{2150E333-8FDC-42A3-9474-1A3956D46DE8}") = "cssrc", "cssrc", "{F917F4B5-8B26-4812-B813-128E2B5CC2CE}"
EndProject
Global
	GlobalSection(SolutionConfigurationPlatforms) = preSolution
		Debug|Any CPU = Debug|Any CPU
		Debug|x64 = Debug|x64
		Debug|x86 = Debug|x86
		Release|Any CPU = Release|Any CPU
		Release|x64 = Release|x64
		Release|x86 = Release|x86
	EndGlobalSection
	GlobalSection(ProjectConfigurationPlatforms) = postSolution
		{18149F9C-50E6-41DD-9EF8-2D82C54CC50F}.Debug|Any CPU.ActiveCfg = Debug|Any CPU
		{18149F9C-50E6-41DD-9EF8-2D82C54CC50F}.Debug|Any CPU.Build.0 = Debug|Any CPU
		{18149F9C-50E6-41DD-9EF8-2D82C54CC50F}.Debug|x64.ActiveCfg = Debug|Any CPU
		{18149F9C-50E6-41DD-9EF8-2D82C54CC50F}.Debug|x64.Build.0 = Debug|Any CPU
		{18149F9C-50E6-41DD-9EF8-2D82C54CC50F}.Debug|x86.ActiveCfg = Debug|Any CPU
		{18149F9C-50E6-41DD-9EF8-2D82C54CC50F}.Debug|x86.Build.0 = Debug|Any CPU
		{18149F9C-50E6-41DD-9EF8-2D82C54CC50F}.Release|Any CPU.ActiveCfg = Release|Any CPU
		{18149F9C-50E6-41DD-9EF8-2D82C54CC50F}.Release|Any CPU.Build.0 = Release|Any CPU
		{18149F9C-50E6-41DD-9EF8-2D82C54CC50F}.Release|x64.ActiveCfg = Release|Any CPU
		{18149F9C-50E6-41DD-9EF8-2D82C54CC50F}.Release|x64.Build.0 = Release|Any CPU
		{18149F9C-50E6-41DD-9EF8-2D82C54CC50F}.Release|x86.ActiveCfg = Release|Any CPU
		{18149F9C-50E6-41DD-9EF8-2D82C54CC50F}.Release|x86.Build.0 = Release|Any CPU
		{3CACA17A-3715-4A55-9F1E-319F17B0BAFB}.Debug|Any CPU.ActiveCfg = Debug|Any CPU
		{3CACA17A-3715-4A55-9F1E-319F17B0BAFB}.Debug|Any CPU.Build.0 = Debug|Any CPU
		{3CACA17A-3715-4A55-9F1E-319F17B0BAFB}.Debug|x64.ActiveCfg = Debug|Any CPU
		{3CACA17A-3715-4A55-9F1E-319F17B0BAFB}.Debug|x64.Build.0 = Debug|Any CPU
		{3CACA17A-3715-4A55-9F1E-319F17B0BAFB}.Debug|x86.ActiveCfg = Debug|Any CPU
		{3CACA17A-3715-4A55-9F1E-319F17B0BAFB}.Debug|x86.Build.0 = Debug|Any CPU
		{3CACA17A-3715-4A55-9F1E-319F17B0BAFB}.Release|Any CPU.ActiveCfg = Release|Any CPU
		{3CACA17A-3715-4A55-9F1E-319F17B0BAFB}.Release|Any CPU.Build.0 = Release|Any CPU
		{3CACA17A-3715-4A55-9F1E-319F17B0BAFB}.Release|x64.ActiveCfg = Release|Any CPU
		{3CACA17A-3715-4A55-9F1E-319F17B0BAFB}.Release|x64.Build.0 = Release|Any CPU
		{3CACA17A-3715-4A55-9F1E-319F17B0BAFB}.Release|x86.ActiveCfg = Release|Any CPU
		{3CACA17A-3715-4A55-9F1E-319F17B0BAFB}.Release|x86.Build.0 = Release|Any CPU
		{6BA8BE73-E2CA-4993-9099-4458E1AF69F4}.Debug|Any CPU.ActiveCfg = Debug|Any CPU
		{6BA8BE73-E2CA-4993-9099-4458E1AF69F4}.Debug|Any CPU.Build.0 = Debug|Any CPU
		{6BA8BE73-E2CA-4993-9099-4458E1AF69F4}.Debug|x64.ActiveCfg = Debug|Any CPU
		{6BA8BE73-E2CA-4993-9099-4458E1AF69F4}.Debug|x64.Build.0 = Debug|Any CPU
		{6BA8BE73-E2CA-4993-9099-4458E1AF69F4}.Debug|x86.ActiveCfg = Debug|Any CPU
		{6BA8BE73-E2CA-4993-9099-4458E1AF69F4}.Debug|x86.Build.0 = Debug|Any CPU
		{6BA8BE73-E2CA-4993-9099-4458E1AF69F4}.Release|Any CPU.ActiveCfg = Release|Any CPU
		{6BA8BE73-E2CA-4993-9099-4458E1AF69F4}.Release|Any CPU.Build.0 = Release|Any CPU
		{6BA8BE73-E2CA-4993-9099-4458E1AF69F4}.Release|x64.ActiveCfg = Release|Any CPU
		{6BA8BE73-E2CA-4993-9099-4458E1AF69F4}.Release|x64.Build.0 = Release|Any CPU
		{6BA8BE73-E2CA-4993-9099-4458E1AF69F4}.Release|x86.ActiveCfg = Release|Any CPU
		{6BA8BE73-E2CA-4993-9099-4458E1AF69F4}.Release|x86.Build.0 = Release|Any CPU
		{187D8AC2-07D1-45CA-9B03-994B87425504}.Debug|Any CPU.ActiveCfg = Debug|Any CPU
		{187D8AC2-07D1-45CA-9B03-994B87425504}.Debug|Any CPU.Build.0 = Debug|Any CPU
		{187D8AC2-07D1-45CA-9B03-994B87425504}.Debug|x64.ActiveCfg = Debug|Any CPU
		{187D8AC2-07D1-45CA-9B03-994B87425504}.Debug|x64.Build.0 = Debug|Any CPU
		{187D8AC2-07D1-45CA-9B03-994B87425504}.Debug|x86.ActiveCfg = Debug|Any CPU
		{187D8AC2-07D1-45CA-9B03-994B87425504}.Debug|x86.Build.0 = Debug|Any CPU
		{187D8AC2-07D1-45CA-9B03-994B87425504}.Release|Any CPU.ActiveCfg = Release|Any CPU
		{187D8AC2-07D1-45CA-9B03-994B87425504}.Release|Any CPU.Build.0 = Release|Any CPU
		{187D8AC2-07D1-45CA-9B03-994B87425504}.Release|x64.ActiveCfg = Release|Any CPU
		{187D8AC2-07D1-45CA-9B03-994B87425504}.Release|x64.Build.0 = Release|Any CPU
		{187D8AC2-07D1-45CA-9B03-994B87425504}.Release|x86.ActiveCfg = Release|Any CPU
		{187D8AC2-07D1-45CA-9B03-994B87425504}.Release|x86.Build.0 = Release|Any CPU
		{83EEE1C6-635D-41E8-AC59-91A27AC7AF78}.Debug|Any CPU.ActiveCfg = Debug|Any CPU
		{83EEE1C6-635D-41E8-AC59-91A27AC7AF78}.Debug|Any CPU.Build.0 = Debug|Any CPU
		{83EEE1C6-635D-41E8-AC59-91A27AC7AF78}.Debug|x64.ActiveCfg = Debug|Any CPU
		{83EEE1C6-635D-41E8-AC59-91A27AC7AF78}.Debug|x64.Build.0 = Debug|Any CPU
		{83EEE1C6-635D-41E8-AC59-91A27AC7AF78}.Debug|x86.ActiveCfg = Debug|Any CPU
		{83EEE1C6-635D-41E8-AC59-91A27AC7AF78}.Debug|x86.Build.0 = Debug|Any CPU
		{83EEE1C6-635D-41E8-AC59-91A27AC7AF78}.Release|Any CPU.ActiveCfg = Release|Any CPU
		{83EEE1C6-635D-41E8-AC59-91A27AC7AF78}.Release|Any CPU.Build.0 = Release|Any CPU
		{83EEE1C6-635D-41E8-AC59-91A27AC7AF78}.Release|x64.ActiveCfg = Release|Any CPU
		{83EEE1C6-635D-41E8-AC59-91A27AC7AF78}.Release|x64.Build.0 = Release|Any CPU
		{83EEE1C6-635D-41E8-AC59-91A27AC7AF78}.Release|x86.ActiveCfg = Release|Any CPU
		{83EEE1C6-635D-41E8-AC59-91A27AC7AF78}.Release|x86.Build.0 = Release|Any CPU
	EndGlobalSection
	GlobalSection(SolutionProperties) = preSolution
		HideSolutionNode = FALSE
	EndGlobalSection
	GlobalSection(NestedProjects) = preSolution
		{18149F9C-50E6-41DD-9EF8-2D82C54CC50F} = {F917F4B5-8B26-4812-B813-128E2B5CC2CE}
		{3CACA17A-3715-4A55-9F1E-319F17B0BAFB} = {F917F4B5-8B26-4812-B813-128E2B5CC2CE}
		{6BA8BE73-E2CA-4993-9099-4458E1AF69F4} = {E4416BDD-913F-4F18-B509-0757984A2DE8}
		{187D8AC2-07D1-45CA-9B03-994B87425504} = {E4416BDD-913F-4F18-B509-0757984A2DE8}
		{83EEE1C6-635D-41E8-AC59-91A27AC7AF78} = {09F07E12-5964-45C3-BFA4-945258B10E8D}
	EndGlobalSection
	GlobalSection(ExtensibilityGlobals) = postSolution
		SolutionGuid = {00A9C2BC-E5F2-4966-ABAD-03717B56559D}
	EndGlobalSection
EndGlobal
