Microsoft Visual Studio Solution File, Format Version 12.00
# Visual Studio 15
VisualStudioVersion = 15.0.27130.2010
MinimumVisualStudioVersion = 15.0.26124.0
Project("{2150E333-8FDC-42A3-9474-1A3956D46DE8}") = "src", "src", "{09F07E12-5964-45C3-BFA4-945258B10E8D}"
EndProject
Project("{2150E333-8FDC-42A3-9474-1A3956D46DE8}") = "tests", "tests", "{E4416BDD-913F-4F18-B509-0757984A2DE8}"
EndProject
Project("{FAE04EC0-301F-11D3-BF4B-00C04F79EFBC}") = "MicroPipes.Abstractions", "src\MicroPipes.Abstractions\MicroPipes.Abstractions.csproj", "{7BB82D63-5EB5-4F9D-8E87-A976CD79E725}"
EndProject
Project("{FAE04EC0-301F-11D3-BF4B-00C04F79EFBC}") = "MicroPipes", "src\MicroPipes\MicroPipes.csproj", "{E28E72B7-B244-4B33-A367-CEF107601BDC}"
EndProject
Project("{FAE04EC0-301F-11D3-BF4B-00C04F79EFBC}") = "Tests.MicroPipes", "tests\Tests.MicroPipes\Tests.MicroPipes.csproj", "{8A96FC15-AAF7-4681-BE95-85A7F9D6D7CB}"
EndProject
Project("{FAE04EC0-301F-11D3-BF4B-00C04F79EFBC}") = "MicroPipes.Core", "src\MicroPipes.Core\MicroPipes.Core.csproj", "{D2A3A7B0-645B-4CFA-B4B9-A536011112FC}"
EndProject
Project("{FAE04EC0-301F-11D3-BF4B-00C04F79EFBC}") = "MicroPipes.Serialization.Json", "src\MicroPipes.Serialization.Json\MicroPipes.Serialization.Json.csproj", "{CB9F0795-3851-4202-B1B8-FFF97C4DE1FF}"
EndProject
Global
	GlobalSection(SolutionConfigurationPlatforms) = preSolution
		Debug|Any CPU = Debug|Any CPU
		Debug|x64 = Debug|x64
		Debug|x86 = Debug|x86
		Release|Any CPU = Release|Any CPU
		Release|x64 = Release|x64
		Release|x86 = Release|x86
	EndGlobalSection
	GlobalSection(ProjectConfigurationPlatforms) = postSolution
		{7BB82D63-5EB5-4F9D-8E87-A976CD79E725}.Debug|Any CPU.ActiveCfg = Debug|Any CPU
		{7BB82D63-5EB5-4F9D-8E87-A976CD79E725}.Debug|Any CPU.Build.0 = Debug|Any CPU
		{7BB82D63-5EB5-4F9D-8E87-A976CD79E725}.Debug|x64.ActiveCfg = Debug|Any CPU
		{7BB82D63-5EB5-4F9D-8E87-A976CD79E725}.Debug|x64.Build.0 = Debug|Any CPU
		{7BB82D63-5EB5-4F9D-8E87-A976CD79E725}.Debug|x86.ActiveCfg = Debug|Any CPU
		{7BB82D63-5EB5-4F9D-8E87-A976CD79E725}.Debug|x86.Build.0 = Debug|Any CPU
		{7BB82D63-5EB5-4F9D-8E87-A976CD79E725}.Release|Any CPU.ActiveCfg = Release|Any CPU
		{7BB82D63-5EB5-4F9D-8E87-A976CD79E725}.Release|Any CPU.Build.0 = Release|Any CPU
		{7BB82D63-5EB5-4F9D-8E87-A976CD79E725}.Release|x64.ActiveCfg = Release|Any CPU
		{7BB82D63-5EB5-4F9D-8E87-A976CD79E725}.Release|x64.Build.0 = Release|Any CPU
		{7BB82D63-5EB5-4F9D-8E87-A976CD79E725}.Release|x86.ActiveCfg = Release|Any CPU
		{7BB82D63-5EB5-4F9D-8E87-A976CD79E725}.Release|x86.Build.0 = Release|Any CPU
		{E28E72B7-B244-4B33-A367-CEF107601BDC}.Debug|Any CPU.ActiveCfg = Debug|Any CPU
		{E28E72B7-B244-4B33-A367-CEF107601BDC}.Debug|Any CPU.Build.0 = Debug|Any CPU
		{E28E72B7-B244-4B33-A367-CEF107601BDC}.Debug|x64.ActiveCfg = Debug|Any CPU
		{E28E72B7-B244-4B33-A367-CEF107601BDC}.Debug|x64.Build.0 = Debug|Any CPU
		{E28E72B7-B244-4B33-A367-CEF107601BDC}.Debug|x86.ActiveCfg = Debug|Any CPU
		{E28E72B7-B244-4B33-A367-CEF107601BDC}.Debug|x86.Build.0 = Debug|Any CPU
		{E28E72B7-B244-4B33-A367-CEF107601BDC}.Release|Any CPU.ActiveCfg = Release|Any CPU
		{E28E72B7-B244-4B33-A367-CEF107601BDC}.Release|Any CPU.Build.0 = Release|Any CPU
		{E28E72B7-B244-4B33-A367-CEF107601BDC}.Release|x64.ActiveCfg = Release|Any CPU
		{E28E72B7-B244-4B33-A367-CEF107601BDC}.Release|x64.Build.0 = Release|Any CPU
		{E28E72B7-B244-4B33-A367-CEF107601BDC}.Release|x86.ActiveCfg = Release|Any CPU
		{E28E72B7-B244-4B33-A367-CEF107601BDC}.Release|x86.Build.0 = Release|Any CPU
		{8A96FC15-AAF7-4681-BE95-85A7F9D6D7CB}.Debug|Any CPU.ActiveCfg = Debug|Any CPU
		{8A96FC15-AAF7-4681-BE95-85A7F9D6D7CB}.Debug|Any CPU.Build.0 = Debug|Any CPU
		{8A96FC15-AAF7-4681-BE95-85A7F9D6D7CB}.Debug|x64.ActiveCfg = Debug|Any CPU
		{8A96FC15-AAF7-4681-BE95-85A7F9D6D7CB}.Debug|x64.Build.0 = Debug|Any CPU
		{8A96FC15-AAF7-4681-BE95-85A7F9D6D7CB}.Debug|x86.ActiveCfg = Debug|Any CPU
		{8A96FC15-AAF7-4681-BE95-85A7F9D6D7CB}.Debug|x86.Build.0 = Debug|Any CPU
		{8A96FC15-AAF7-4681-BE95-85A7F9D6D7CB}.Release|Any CPU.ActiveCfg = Release|Any CPU
		{8A96FC15-AAF7-4681-BE95-85A7F9D6D7CB}.Release|Any CPU.Build.0 = Release|Any CPU
		{8A96FC15-AAF7-4681-BE95-85A7F9D6D7CB}.Release|x64.ActiveCfg = Release|Any CPU
		{8A96FC15-AAF7-4681-BE95-85A7F9D6D7CB}.Release|x64.Build.0 = Release|Any CPU
		{8A96FC15-AAF7-4681-BE95-85A7F9D6D7CB}.Release|x86.ActiveCfg = Release|Any CPU
		{8A96FC15-AAF7-4681-BE95-85A7F9D6D7CB}.Release|x86.Build.0 = Release|Any CPU
		{D2A3A7B0-645B-4CFA-B4B9-A536011112FC}.Debug|Any CPU.ActiveCfg = Debug|Any CPU
		{D2A3A7B0-645B-4CFA-B4B9-A536011112FC}.Debug|Any CPU.Build.0 = Debug|Any CPU
		{D2A3A7B0-645B-4CFA-B4B9-A536011112FC}.Debug|x64.ActiveCfg = Debug|Any CPU
		{D2A3A7B0-645B-4CFA-B4B9-A536011112FC}.Debug|x64.Build.0 = Debug|Any CPU
		{D2A3A7B0-645B-4CFA-B4B9-A536011112FC}.Debug|x86.ActiveCfg = Debug|Any CPU
		{D2A3A7B0-645B-4CFA-B4B9-A536011112FC}.Debug|x86.Build.0 = Debug|Any CPU
		{D2A3A7B0-645B-4CFA-B4B9-A536011112FC}.Release|Any CPU.ActiveCfg = Release|Any CPU
		{D2A3A7B0-645B-4CFA-B4B9-A536011112FC}.Release|Any CPU.Build.0 = Release|Any CPU
		{D2A3A7B0-645B-4CFA-B4B9-A536011112FC}.Release|x64.ActiveCfg = Release|Any CPU
		{D2A3A7B0-645B-4CFA-B4B9-A536011112FC}.Release|x64.Build.0 = Release|Any CPU
		{D2A3A7B0-645B-4CFA-B4B9-A536011112FC}.Release|x86.ActiveCfg = Release|Any CPU
		{D2A3A7B0-645B-4CFA-B4B9-A536011112FC}.Release|x86.Build.0 = Release|Any CPU
		{CB9F0795-3851-4202-B1B8-FFF97C4DE1FF}.Debug|Any CPU.ActiveCfg = Debug|Any CPU
		{CB9F0795-3851-4202-B1B8-FFF97C4DE1FF}.Debug|Any CPU.Build.0 = Debug|Any CPU
		{CB9F0795-3851-4202-B1B8-FFF97C4DE1FF}.Debug|x64.ActiveCfg = Debug|Any CPU
		{CB9F0795-3851-4202-B1B8-FFF97C4DE1FF}.Debug|x64.Build.0 = Debug|Any CPU
		{CB9F0795-3851-4202-B1B8-FFF97C4DE1FF}.Debug|x86.ActiveCfg = Debug|Any CPU
		{CB9F0795-3851-4202-B1B8-FFF97C4DE1FF}.Debug|x86.Build.0 = Debug|Any CPU
		{CB9F0795-3851-4202-B1B8-FFF97C4DE1FF}.Release|Any CPU.ActiveCfg = Release|Any CPU
		{CB9F0795-3851-4202-B1B8-FFF97C4DE1FF}.Release|Any CPU.Build.0 = Release|Any CPU
		{CB9F0795-3851-4202-B1B8-FFF97C4DE1FF}.Release|x64.ActiveCfg = Release|Any CPU
		{CB9F0795-3851-4202-B1B8-FFF97C4DE1FF}.Release|x64.Build.0 = Release|Any CPU
		{CB9F0795-3851-4202-B1B8-FFF97C4DE1FF}.Release|x86.ActiveCfg = Release|Any CPU
		{CB9F0795-3851-4202-B1B8-FFF97C4DE1FF}.Release|x86.Build.0 = Release|Any CPU
	EndGlobalSection
	GlobalSection(SolutionProperties) = preSolution
		HideSolutionNode = FALSE
	EndGlobalSection
	GlobalSection(NestedProjects) = preSolution
		{7BB82D63-5EB5-4F9D-8E87-A976CD79E725} = {09F07E12-5964-45C3-BFA4-945258B10E8D}
		{E28E72B7-B244-4B33-A367-CEF107601BDC} = {09F07E12-5964-45C3-BFA4-945258B10E8D}
		{8A96FC15-AAF7-4681-BE95-85A7F9D6D7CB} = {E4416BDD-913F-4F18-B509-0757984A2DE8}
		{D2A3A7B0-645B-4CFA-B4B9-A536011112FC} = {09F07E12-5964-45C3-BFA4-945258B10E8D}
		{CB9F0795-3851-4202-B1B8-FFF97C4DE1FF} = {09F07E12-5964-45C3-BFA4-945258B10E8D}
	EndGlobalSection
	GlobalSection(ExtensibilityGlobals) = postSolution
		SolutionGuid = {00A9C2BC-E5F2-4966-ABAD-03717B56559D}
	EndGlobalSection
EndGlobal
